
Microsoft Visual Studio Solution File, Format Version 12.00
# Visual Studio Version 17
VisualStudioVersion = 17.8.34330.188
MinimumVisualStudioVersion = 10.0.40219.1
Project("{FAE04EC0-301F-11D3-BF4B-00C04F79EFBC}") = "MVCArchitecure", "MVCArchitecure\MVCArchitecure.csproj", "{73C8F858-036E-4D84-9DEC-FA9831984E37}"
EndProject
Global
	GlobalSection(SolutionConfigurationPlatforms) = preSolution
		Debug|Any CPU = Debug|Any CPU
		Release|Any CPU = Release|Any CPU
	EndGlobalSection
	GlobalSection(ProjectConfigurationPlatforms) = postSolution
		{73C8F858-036E-4D84-9DEC-FA9831984E37}.Debug|Any CPU.ActiveCfg = Debug|Any CPU
		{73C8F858-036E-4D84-9DEC-FA9831984E37}.Debug|Any CPU.Build.0 = Debug|Any CPU
		{73C8F858-036E-4D84-9DEC-FA9831984E37}.Release|Any CPU.ActiveCfg = Release|Any CPU
		{73C8F858-036E-4D84-9DEC-FA9831984E37}.Release|Any CPU.Build.0 = Release|Any CPU
	EndGlobalSection
	GlobalSection(SolutionProperties) = preSolution
		HideSolutionNode = FALSE
	EndGlobalSection
	GlobalSection(ExtensibilityGlobals) = postSolution
		SolutionGuid = {1EDCF5CB-4B9D-4562-85DC-F22E5126F0C7}
	EndGlobalSection
EndGlobal
